lockfileVersion: '9.0'

settings:
  autoInstallPeers: true
  excludeLinksFromLockfile: false

importers:

  .:
    dependencies:
      rollup-plugin-replace-shebang:
        specifier: 2.0.0
        version: 2.0.0(rollup@2.78.1)
    devDependencies:
      rollup:
        specifier: 2.78.1
        version: 2.78.1

packages:

  '@jridgewell/sourcemap-codec@1.5.5':
    resolution: {integrity: sha512-cYQ9310grqxueWbl+WuIUIaiUaDcj7WOq5fVhEljNVgRfOUhY9fy2zTvfoqWsnebh8Sl70VScFbICvJnLKB0Og==}

  fsevents@2.3.3:
    resolution: {integrity: sha512-5xoDfX+fL7faATnagmWPpbFtwh/R77WmMMqqHGS65C3vvB0YHrgF+B1YmZ3441tMj5n63k0212XNoJwzlhffQw==}
    engines: {node: ^8.16.0 || ^10.6.0 || >=11.0.0}
    os: [darwin]

  magic-string@0.30.21:
    resolution: {integrity: sha512-vd2F4YUyEXKGcLHoq+TEyCjxueSeHnFxyyjNp80yg0XV4vUhnDer/lvvlqM/arB5bXQN5K2/3oinyCRyx8T2CQ==}

  rollup-plugin-replace-shebang@2.0.0:
    resolution: {integrity: sha512-ViTNI4IOTgjyD6Y09XkYK0FWf88toBc60FsktCeghLXvZgPSzrxuayIb2JbHGo4bRDevZn/2Z6BInrPaubs5pg==}
    engines: {node: '>=12'}
    peerDependencies:
      rollup: '>=2.0.0'

  rollup@2.78.1:
    resolution: {integrity: sha512-VeeCgtGi4P+o9hIg+xz4qQpRl6R401LWEXBmxYKOV4zlF82lyhgh2hTZnheFUbANE8l2A41F458iwj2vEYaXJg==}
    engines: {node: '>=10.0.0'}
    hasBin: true

snapshots:

  '@jridgewell/sourcemap-codec@1.5.5': {}

  fsevents@2.3.3:
    optional: true

  magic-string@0.30.21:
    dependencies:
      '@jridgewell/sourcemap-codec': 1.5.5

  rollup-plugin-replace-shebang@2.0.0(rollup@2.78.1):
    dependencies:
      magic-string: 0.30.21
      rollup: 2.78.1

  rollup@2.78.1:
    optionalDependencies:
      fsevents: 2.3.3
